// !$*UTF8*$!
{
	archiveVersion = 1;
	classes = {
	};
	objectVersion = 50;
	objects = {

/* Begin PBXBuildFile section */
		AF1338F221143AF6004D60E3 /* Money.swift in Sources */ = {isa = PBXBuildFile; fileRef = AF1338F121143AF6004D60E3 /* Money.swift */; };
		AF1AC717212EAAB500836D57 /* TranslateService.swift in Sources */ = {isa = PBXBuildFile; fileRef = AF1AC716212EAAB500836D57 /* TranslateService.swift */; };
		AF1AC719212EAAD800836D57 /* Translate.swift in Sources */ = {isa = PBXBuildFile; fileRef = AF1AC718212EAAD800836D57 /* Translate.swift */; };
		AF1AC71B212EAAE900836D57 /* Language.swift in Sources */ = {isa = PBXBuildFile; fileRef = AF1AC71A212EAAE900836D57 /* Language.swift */; };
		AF1AC71D212EE3CC00836D57 /* TranslateViewController.swift in Sources */ = {isa = PBXBuildFile; fileRef = AF1AC71C212EE3CC00836D57 /* TranslateViewController.swift */; };
		AF1E1E5B213814EA001F13DF /* WeatherServiceTestCase.swift in Sources */ = {isa = PBXBuildFile; fileRef = AF1E1E5A213814EA001F13DF /* WeatherServiceTestCase.swift */; };
		AF1E1E5D2138160A001F13DF /* Weather.json in Resources */ = {isa = PBXBuildFile; fileRef = AF1E1E5C2138160A001F13DF /* Weather.json */; };
		AF1E1E5F213816A9001F13DF /* FakeWeatherResponseData.swift in Sources */ = {isa = PBXBuildFile; fileRef = AF1E1E5E213816A9001F13DF /* FakeWeatherResponseData.swift */; };
		AF1E1E61213823C8001F13DF /* TranslateServiceTestCase.swift in Sources */ = {isa = PBXBuildFile; fileRef = AF1E1E60213823C8001F13DF /* TranslateServiceTestCase.swift */; };
		AF1E1E6321382549001F13DF /* Translate.json in Resources */ = {isa = PBXBuildFile; fileRef = AF1E1E6221382549001F13DF /* Translate.json */; };
		AF1E1E6521382579001F13DF /* FakeTranslateResponseData.swift in Sources */ = {isa = PBXBuildFile; fileRef = AF1E1E6421382579001F13DF /* FakeTranslateResponseData.swift */; };
		AF1E1E6721382663001F13DF /* Language.json in Resources */ = {isa = PBXBuildFile; fileRef = AF1E1E6621382663001F13DF /* Language.json */; };
		AF1E1E69213826BA001F13DF /* FakeLanguageResponseData.swift in Sources */ = {isa = PBXBuildFile; fileRef = AF1E1E68213826BA001F13DF /* FakeLanguageResponseData.swift */; };
		AF23A3162133DF38007FA093 /* URLSessionFake.swift in Sources */ = {isa = PBXBuildFile; fileRef = AF23A3152133DF38007FA093 /* URLSessionFake.swift */; };
		AF89F00F2109D4E90076F295 /* ChangeService.swift in Sources */ = {isa = PBXBuildFile; fileRef = AF89F00E2109D4E90076F295 /* ChangeService.swift */; };
		AF89F011210A6C6D0076F295 /* Change.swift in Sources */ = {isa = PBXBuildFile; fileRef = AF89F010210A6C6D0076F295 /* Change.swift */; };
		AFB841DB212FE4DB00EBD5D8 /* ChangeServiceTestCase.swift in Sources */ = {isa = PBXBuildFile; fileRef = AFB841DA212FE4DB00EBD5D8 /* ChangeServiceTestCase.swift */; };
		AFB841DD212FE60A00EBD5D8 /* Change.json in Resources */ = {isa = PBXBuildFile; fileRef = AFB841DC212FE60A00EBD5D8 /* Change.json */; };
		AFB841DF212FE9EE00EBD5D8 /* FakeChangeResponseData.swift in Sources */ = {isa = PBXBuildFile; fileRef = AFB841DE212FE9EE00EBD5D8 /* FakeChangeResponseData.swift */; };
		AFB841E1212FEFD500EBD5D8 /* Money.json in Resources */ = {isa = PBXBuildFile; fileRef = AFB841E0212FEFD500EBD5D8 /* Money.json */; };
		AFB841E5212FF02400EBD5D8 /* FakeMoneyResponseData.swift in Sources */ = {isa = PBXBuildFile; fileRef = AFB841E4212FF02400EBD5D8 /* FakeMoneyResponseData.swift */; };
		AFBEDA2B2105CE37009DC033 /* AppDelegate.swift in Sources */ = {isa = PBXBuildFile; fileRef = AFBEDA2A2105CE37009DC033 /* AppDelegate.swift */; };
		AFBEDA2D2105CE37009DC033 /* ChangeViewController.swift in Sources */ = {isa = PBXBuildFile; fileRef = AFBEDA2C2105CE37009DC033 /* ChangeViewController.swift */; };
		AFBEDA302105CE37009DC033 /* Main.storyboard in Resources */ = {isa = PBXBuildFile; fileRef = AFBEDA2E2105CE37009DC033 /* Main.storyboard */; };
		AFBEDA322105CE39009DC033 /* Assets.xcassets in Resources */ = {isa = PBXBuildFile; fileRef = AFBEDA312105CE39009DC033 /* Assets.xcassets */; };
		AFBEDA352105CE39009DC033 /* LaunchScreen.storyboard in Resources */ = {isa = PBXBuildFile; fileRef = AFBEDA332105CE39009DC033 /* LaunchScreen.storyboard */; };
		AFCDAAEA2135464800981803 /* EndPointType.swift in Sources */ = {isa = PBXBuildFile; fileRef = AFCDAAE92135464800981803 /* EndPointType.swift */; };
		AFCDAAEC2135473000981803 /* HTTPMethod.swift in Sources */ = {isa = PBXBuildFile; fileRef = AFCDAAEB2135473000981803 /* HTTPMethod.swift */; };
		AFCDAAEE213547BC00981803 /* HTTPTask.swift in Sources */ = {isa = PBXBuildFile; fileRef = AFCDAAED213547BC00981803 /* HTTPTask.swift */; };
		AFCDAAF021354A7D00981803 /* ParameterEncoding.swift in Sources */ = {isa = PBXBuildFile; fileRef = AFCDAAEF21354A7D00981803 /* ParameterEncoding.swift */; };
		AFCDAAF421354CF100981803 /* URLParameterEncoder.swift in Sources */ = {isa = PBXBuildFile; fileRef = AFCDAAF321354CF100981803 /* URLParameterEncoder.swift */; };
		AFCDAAF62135584900981803 /* JSONParameterEncoder.swift in Sources */ = {isa = PBXBuildFile; fileRef = AFCDAAF52135584900981803 /* JSONParameterEncoder.swift */; };
		AFCDAAF82135595700981803 /* NetworkRouter.swift in Sources */ = {isa = PBXBuildFile; fileRef = AFCDAAF72135595700981803 /* NetworkRouter.swift */; };
		AFCDAAFA21357E9800981803 /* Router.swift in Sources */ = {isa = PBXBuildFile; fileRef = AFCDAAF921357E9800981803 /* Router.swift */; };
		AFD0CE8C2136958B00CDBF79 /* ChangeAPI.swift in Sources */ = {isa = PBXBuildFile; fileRef = AFD0CE8B2136958B00CDBF79 /* ChangeAPI.swift */; };
		AFD0CE8E213696B200CDBF79 /* NetworkManager.swift in Sources */ = {isa = PBXBuildFile; fileRef = AFD0CE8D213696B200CDBF79 /* NetworkManager.swift */; };
		AFD0CE902136AB2500CDBF79 /* MoneyAPI.swift in Sources */ = {isa = PBXBuildFile; fileRef = AFD0CE8F2136AB2500CDBF79 /* MoneyAPI.swift */; };
		AFD0CE922136AE7D00CDBF79 /* WeatherAPI.swift in Sources */ = {isa = PBXBuildFile; fileRef = AFD0CE912136AE7D00CDBF79 /* WeatherAPI.swift */; };
		AFD0CE942136DCF500CDBF79 /* TranslateAPI.swift in Sources */ = {isa = PBXBuildFile; fileRef = AFD0CE932136DCF500CDBF79 /* TranslateAPI.swift */; };
		AFD0CE962136E20900CDBF79 /* LanguageAPI.swift in Sources */ = {isa = PBXBuildFile; fileRef = AFD0CE952136E20900CDBF79 /* LanguageAPI.swift */; };
		AFE205D02125D61600249CC6 /* WeatherViewController.swift in Sources */ = {isa = PBXBuildFile; fileRef = AFE205CF2125D61600249CC6 /* WeatherViewController.swift */; };
		AFE205D22125D68100249CC6 /* WeatherService.swift in Sources */ = {isa = PBXBuildFile; fileRef = AFE205D12125D68100249CC6 /* WeatherService.swift */; };
		AFE205D42125D99300249CC6 /* Weather.swift in Sources */ = {isa = PBXBuildFile; fileRef = AFE205D32125D99300249CC6 /* Weather.swift */; };
		AFFE3C8D212D6E1200300668 /* AddNewCityViewController.swift in Sources */ = {isa = PBXBuildFile; fileRef = AFFE3C8C212D6E1200300668 /* AddNewCityViewController.swift */; };
		AFFE3C8F212D8B3500300668 /* Constant.swift in Sources */ = {isa = PBXBuildFile; fileRef = AFFE3C8E212D8B3500300668 /* Constant.swift */; };
		AFFE3C97212E0A5900300668 /* WeatherImage.swift in Sources */ = {isa = PBXBuildFile; fileRef = AFFE3C96212E0A5900300668 /* WeatherImage.swift */; };
/* End PBXBuildFile section */

/* Begin PBXContainerItemProxy section */
		AFB841D5212FE44900EBD5D8 /* PBXContainerItemProxy */ = {
			isa = PBXContainerItemProxy;
			containerPortal = AFBEDA1F2105CE37009DC033 /* Project object */;
			proxyType = 1;
			remoteGlobalIDString = AFBEDA262105CE37009DC033;
			remoteInfo = Baluchon;
		};
/* End PBXContainerItemProxy section */

/* Begin PBXFileReference section */
		AF1338F121143AF6004D60E3 /* Money.swift */ = {isa = PBXFileReference; lastKnownFileType = sourcecode.swift; path = Money.swift; sourceTree = "<group>"; };
		AF1AC716212EAAB500836D57 /* TranslateService.swift */ = {isa = PBXFileReference; lastKnownFileType = sourcecode.swift; path = TranslateService.swift; sourceTree = "<group>"; };
		AF1AC718212EAAD800836D57 /* Translate.swift */ = {isa = PBXFileReference; lastKnownFileType = sourcecode.swift; path = Translate.swift; sourceTree = "<group>"; };
		AF1AC71A212EAAE900836D57 /* Language.swift */ = {isa = PBXFileReference; lastKnownFileType = sourcecode.swift; path = Language.swift; sourceTree = "<group>"; };
		AF1AC71C212EE3CC00836D57 /* TranslateViewController.swift */ = {isa = PBXFileReference; lastKnownFileType = sourcecode.swift; path = TranslateViewController.swift; sourceTree = "<group>"; };
		AF1E1E5A213814EA001F13DF /* WeatherServiceTestCase.swift */ = {isa = PBXFileReference; lastKnownFileType = sourcecode.swift; path = WeatherServiceTestCase.swift; sourceTree = "<group>"; };
		AF1E1E5C2138160A001F13DF /* Weather.json */ = {isa = PBXFileReference; lastKnownFileType = text.json; path = Weather.json; sourceTree = "<group>"; };
		AF1E1E5E213816A9001F13DF /* FakeWeatherResponseData.swift */ = {isa = PBXFileReference; lastKnownFileType = sourcecode.swift; path = FakeWeatherResponseData.swift; sourceTree = "<group>"; };
		AF1E1E60213823C8001F13DF /* TranslateServiceTestCase.swift */ = {isa = PBXFileReference; lastKnownFileType = sourcecode.swift; path = TranslateServiceTestCase.swift; sourceTree = "<group>"; };
		AF1E1E6221382549001F13DF /* Translate.json */ = {isa = PBXFileReference; lastKnownFileType = text.json; path = Translate.json; sourceTree = "<group>"; };
		AF1E1E6421382579001F13DF /* FakeTranslateResponseData.swift */ = {isa = PBXFileReference; lastKnownFileType = sourcecode.swift; path = FakeTranslateResponseData.swift; sourceTree = "<group>"; };
		AF1E1E6621382663001F13DF /* Language.json */ = {isa = PBXFileReference; lastKnownFileType = text.json; path = Language.json; sourceTree = "<group>"; };
		AF1E1E68213826BA001F13DF /* FakeLanguageResponseData.swift */ = {isa = PBXFileReference; lastKnownFileType = sourcecode.swift; path = FakeLanguageResponseData.swift; sourceTree = "<group>"; };
		AF23A3152133DF38007FA093 /* URLSessionFake.swift */ = {isa = PBXFileReference; lastKnownFileType = sourcecode.swift; path = URLSessionFake.swift; sourceTree = "<group>"; };
		AF25197E2143D3E700531103 /* README.md */ = {isa = PBXFileReference; lastKnownFileType = net.daringfireball.markdown; path = README.md; sourceTree = "<group>"; };
		AF89F00E2109D4E90076F295 /* ChangeService.swift */ = {isa = PBXFileReference; lastKnownFileType = sourcecode.swift; path = ChangeService.swift; sourceTree = "<group>"; };
		AF89F010210A6C6D0076F295 /* Change.swift */ = {isa = PBXFileReference; lastKnownFileType = sourcecode.swift; path = Change.swift; sourceTree = "<group>"; };
		AFB841D0212FE44900EBD5D8 /* BaluchonTests.xctest */ = {isa = PBXFileReference; explicitFileType = wrapper.cfbundle; includeInIndex = 0; path = BaluchonTests.xctest; sourceTree = BUILT_PRODUCTS_DIR; };
		AFB841D4212FE44900EBD5D8 /* Info.plist */ = {isa = PBXFileReference; lastKnownFileType = text.plist.xml; path = Info.plist; sourceTree = "<group>"; };
		AFB841DA212FE4DB00EBD5D8 /* ChangeServiceTestCase.swift */ = {isa = PBXFileReference; lastKnownFileType = sourcecode.swift; path = ChangeServiceTestCase.swift; sourceTree = "<group>"; };
		AFB841DC212FE60A00EBD5D8 /* Change.json */ = {isa = PBXFileReference; lastKnownFileType = text.json; path = Change.json; sourceTree = "<group>"; };
		AFB841DE212FE9EE00EBD5D8 /* FakeChangeResponseData.swift */ = {isa = PBXFileReference; lastKnownFileType = sourcecode.swift; path = FakeChangeResponseData.swift; sourceTree = "<group>"; };
		AFB841E0212FEFD500EBD5D8 /* Money.json */ = {isa = PBXFileReference; lastKnownFileType = text.json; path = Money.json; sourceTree = "<group>"; };
		AFB841E4212FF02400EBD5D8 /* FakeMoneyResponseData.swift */ = {isa = PBXFileReference; lastKnownFileType = sourcecode.swift; path = FakeMoneyResponseData.swift; sourceTree = "<group>"; };
		AFBEDA272105CE37009DC033 /* Baluchon.app */ = {isa = PBXFileReference; explicitFileType = wrapper.application; includeInIndex = 0; path = Baluchon.app; sourceTree = BUILT_PRODUCTS_DIR; };
		AFBEDA2A2105CE37009DC033 /* AppDelegate.swift */ = {isa = PBXFileReference; lastKnownFileType = sourcecode.swift; path = AppDelegate.swift; sourceTree = "<group>"; };
		AFBEDA2C2105CE37009DC033 /* ChangeViewController.swift */ = {isa = PBXFileReference; lastKnownFileType = sourcecode.swift; path = ChangeViewController.swift; sourceTree = "<group>"; };
		AFBEDA2F2105CE37009DC033 /* Base */ = {isa = PBXFileReference; lastKnownFileType = file.storyboard; name = Base; path = Base.lproj/Main.storyboard; sourceTree = "<group>"; };
		AFBEDA312105CE39009DC033 /* Assets.xcassets */ = {isa = PBXFileReference; lastKnownFileType = folder.assetcatalog; path = Assets.xcassets; sourceTree = "<group>"; };
		AFBEDA342105CE39009DC033 /* Base */ = {isa = PBXFileReference; lastKnownFileType = file.storyboard; name = Base; path = Base.lproj/LaunchScreen.storyboard; sourceTree = "<group>"; };
		AFBEDA362105CE39009DC033 /* Info.plist */ = {isa = PBXFileReference; lastKnownFileType = text.plist.xml; path = Info.plist; sourceTree = "<group>"; };
		AFCDAAE92135464800981803 /* EndPointType.swift */ = {isa = PBXFileReference; lastKnownFileType = sourcecode.swift; path = EndPointType.swift; sourceTree = "<group>"; };
		AFCDAAEB2135473000981803 /* HTTPMethod.swift */ = {isa = PBXFileReference; lastKnownFileType = sourcecode.swift; path = HTTPMethod.swift; sourceTree = "<group>"; };
		AFCDAAED213547BC00981803 /* HTTPTask.swift */ = {isa = PBXFileReference; lastKnownFileType = sourcecode.swift; path = HTTPTask.swift; sourceTree = "<group>"; };
		AFCDAAEF21354A7D00981803 /* ParameterEncoding.swift */ = {isa = PBXFileReference; lastKnownFileType = sourcecode.swift; path = ParameterEncoding.swift; sourceTree = "<group>"; };
		AFCDAAF321354CF100981803 /* URLParameterEncoder.swift */ = {isa = PBXFileReference; lastKnownFileType = sourcecode.swift; path = URLParameterEncoder.swift; sourceTree = "<group>"; };
		AFCDAAF52135584900981803 /* JSONParameterEncoder.swift */ = {isa = PBXFileReference; lastKnownFileType = sourcecode.swift; path = JSONParameterEncoder.swift; sourceTree = "<group>"; };
		AFCDAAF72135595700981803 /* NetworkRouter.swift */ = {isa = PBXFileReference; lastKnownFileType = sourcecode.swift; path = NetworkRouter.swift; sourceTree = "<group>"; };
		AFCDAAF921357E9800981803 /* Router.swift */ = {isa = PBXFileReference; lastKnownFileType = sourcecode.swift; path = Router.swift; sourceTree = "<group>"; };
		AFD0CE8B2136958B00CDBF79 /* ChangeAPI.swift */ = {isa = PBXFileReference; lastKnownFileType = sourcecode.swift; path = ChangeAPI.swift; sourceTree = "<group>"; };
		AFD0CE8D213696B200CDBF79 /* NetworkManager.swift */ = {isa = PBXFileReference; lastKnownFileType = sourcecode.swift; path = NetworkManager.swift; sourceTree = "<group>"; };
		AFD0CE8F2136AB2500CDBF79 /* MoneyAPI.swift */ = {isa = PBXFileReference; lastKnownFileType = sourcecode.swift; path = MoneyAPI.swift; sourceTree = "<group>"; };
		AFD0CE912136AE7D00CDBF79 /* WeatherAPI.swift */ = {isa = PBXFileReference; lastKnownFileType = sourcecode.swift; path = WeatherAPI.swift; sourceTree = "<group>"; };
		AFD0CE932136DCF500CDBF79 /* TranslateAPI.swift */ = {isa = PBXFileReference; lastKnownFileType = sourcecode.swift; path = TranslateAPI.swift; sourceTree = "<group>"; };
		AFD0CE952136E20900CDBF79 /* LanguageAPI.swift */ = {isa = PBXFileReference; lastKnownFileType = sourcecode.swift; path = LanguageAPI.swift; sourceTree = "<group>"; };
		AFE205CF2125D61600249CC6 /* WeatherViewController.swift */ = {isa = PBXFileReference; lastKnownFileType = sourcecode.swift; path = WeatherViewController.swift; sourceTree = "<group>"; };
		AFE205D12125D68100249CC6 /* WeatherService.swift */ = {isa = PBXFileReference; lastKnownFileType = sourcecode.swift; path = WeatherService.swift; sourceTree = "<group>"; };
		AFE205D32125D99300249CC6 /* Weather.swift */ = {isa = PBXFileReference; lastKnownFileType = sourcecode.swift; path = Weather.swift; sourceTree = "<group>"; };
		AFFE3C8C212D6E1200300668 /* AddNewCityViewController.swift */ = {isa = PBXFileReference; lastKnownFileType = sourcecode.swift; path = AddNewCityViewController.swift; sourceTree = "<group>"; };
		AFFE3C8E212D8B3500300668 /* Constant.swift */ = {isa = PBXFileReference; lastKnownFileType = sourcecode.swift; path = Constant.swift; sourceTree = "<group>"; };
		AFFE3C96212E0A5900300668 /* WeatherImage.swift */ = {isa = PBXFileReference; lastKnownFileType = sourcecode.swift; path = WeatherImage.swift; sourceTree = "<group>"; };
/* End PBXFileReference section */

/* Begin PBXFrameworksBuildPhase section */
		AFB841CD212FE44900EBD5D8 /* Frameworks */ = {
			isa = PBXFrameworksBuildPhase;
			buildActionMask = 2147483647;
			files = (
			);
			runOnlyForDeploymentPostprocessing = 0;
		};
		AFBEDA242105CE37009DC033 /* Frameworks */ = {
			isa = PBXFrameworksBuildPhase;
			buildActionMask = 2147483647;
			files = (
			);
			runOnlyForDeploymentPostprocessing = 0;
		};
/* End PBXFrameworksBuildPhase section */

/* Begin PBXGroup section */
		AF2519782143CE6900531103 /* ExchangeRate */ = {
			isa = PBXGroup;
			children = (
				AF89F00E2109D4E90076F295 /* ChangeService.swift */,
				AF89F010210A6C6D0076F295 /* Change.swift */,
				AF1338F121143AF6004D60E3 /* Money.swift */,
			);
			path = ExchangeRate;
			sourceTree = "<group>";
		};
		AF2519792143CEA100531103 /* Translation */ = {
			isa = PBXGroup;
			children = (
				AF1AC716212EAAB500836D57 /* TranslateService.swift */,
				AF1AC718212EAAD800836D57 /* Translate.swift */,
				AF1AC71A212EAAE900836D57 /* Language.swift */,
			);
			path = Translation;
			sourceTree = "<group>";
		};
		AF25197A2143CEC500531103 /* Weather */ = {
			isa = PBXGroup;
			children = (
				AFE205D12125D68100249CC6 /* WeatherService.swift */,
				AFE205D32125D99300249CC6 /* Weather.swift */,
			);
			path = Weather;
			sourceTree = "<group>";
		};
		AF25197B2143CF0800531103 /* ExchangeRateController */ = {
			isa = PBXGroup;
			children = (
				AFBEDA2C2105CE37009DC033 /* ChangeViewController.swift */,
			);
			path = ExchangeRateController;
			sourceTree = "<group>";
		};
		AF25197C2143CF1D00531103 /* WeatherController */ = {
			isa = PBXGroup;
			children = (
				AFE205CF2125D61600249CC6 /* WeatherViewController.swift */,
				AFFE3C8C212D6E1200300668 /* AddNewCityViewController.swift */,
			);
			path = WeatherController;
			sourceTree = "<group>";
		};
		AF25197D2143CF2900531103 /* TranslationController */ = {
			isa = PBXGroup;
			children = (
				AF1AC71C212EE3CC00836D57 /* TranslateViewController.swift */,
			);
			path = TranslationController;
			sourceTree = "<group>";
		};
		AF335BD82146AE3C00DE01AF /* ExchangeRateTests */ = {
			isa = PBXGroup;
			children = (
				AFB841DA212FE4DB00EBD5D8 /* ChangeServiceTestCase.swift */,
				AFB841DC212FE60A00EBD5D8 /* Change.json */,
				AFB841DE212FE9EE00EBD5D8 /* FakeChangeResponseData.swift */,
				AFB841E0212FEFD500EBD5D8 /* Money.json */,
				AFB841E4212FF02400EBD5D8 /* FakeMoneyResponseData.swift */,
			);
			path = ExchangeRateTests;
			sourceTree = "<group>";
		};
		AF335BD92146AE4F00DE01AF /* WeatherTests */ = {
			isa = PBXGroup;
			children = (
				AF1E1E5A213814EA001F13DF /* WeatherServiceTestCase.swift */,
				AF1E1E5C2138160A001F13DF /* Weather.json */,
				AF1E1E5E213816A9001F13DF /* FakeWeatherResponseData.swift */,
			);
			path = WeatherTests;
			sourceTree = "<group>";
		};
		AF335BDA2146AE6500DE01AF /* TranslationTests */ = {
			isa = PBXGroup;
			children = (
				AF1E1E60213823C8001F13DF /* TranslateServiceTestCase.swift */,
				AF1E1E6221382549001F13DF /* Translate.json */,
				AF1E1E6421382579001F13DF /* FakeTranslateResponseData.swift */,
				AF1E1E6621382663001F13DF /* Language.json */,
				AF1E1E68213826BA001F13DF /* FakeLanguageResponseData.swift */,
			);
			path = TranslationTests;
			sourceTree = "<group>";
		};
		AFB841D1212FE44900EBD5D8 /* BaluchonTests */ = {
			isa = PBXGroup;
			children = (
				AFB841D4212FE44900EBD5D8 /* Info.plist */,
				AF335BD82146AE3C00DE01AF /* ExchangeRateTests */,
				AF335BDA2146AE6500DE01AF /* TranslationTests */,
				AF335BD92146AE4F00DE01AF /* WeatherTests */,
				AF23A3152133DF38007FA093 /* URLSessionFake.swift */,
			);
			path = BaluchonTests;
			sourceTree = "<group>";
		};
		AFBEDA1E2105CE37009DC033 = {
			isa = PBXGroup;
			children = (
				AFBEDA292105CE37009DC033 /* Baluchon */,
				AFB841D1212FE44900EBD5D8 /* BaluchonTests */,
				AFBEDA282105CE37009DC033 /* Products */,
				AF25197E2143D3E700531103 /* README.md */,
			);
			sourceTree = "<group>";
		};
		AFBEDA282105CE37009DC033 /* Products */ = {
			isa = PBXGroup;
			children = (
				AFBEDA272105CE37009DC033 /* Baluchon.app */,
				AFB841D0212FE44900EBD5D8 /* BaluchonTests.xctest */,
			);
			name = Products;
			sourceTree = "<group>";
		};
		AFBEDA292105CE37009DC033 /* Baluchon */ = {
			isa = PBXGroup;
			children = (
				AFBEDA3F2105CEA6009DC033 /* Model */,
				AFBEDA3E2105CE9F009DC033 /* View */,
				AFBEDA3D2105CE96009DC033 /* Controller */,
				AFBEDA3C2105CE87009DC033 /* Supporting Files */,
			);
			path = Baluchon;
			sourceTree = "<group>";
		};
		AFBEDA3C2105CE87009DC033 /* Supporting Files */ = {
			isa = PBXGroup;
			children = (
				AFFE3C8E212D8B3500300668 /* Constant.swift */,
				AFBEDA2A2105CE37009DC033 /* AppDelegate.swift */,
				AFBEDA312105CE39009DC033 /* Assets.xcassets */,
				AFBEDA362105CE39009DC033 /* Info.plist */,
			);
			path = "Supporting Files";
			sourceTree = "<group>";
		};
		AFBEDA3D2105CE96009DC033 /* Controller */ = {
			isa = PBXGroup;
			children = (
				AF25197B2143CF0800531103 /* ExchangeRateController */,
				AF25197D2143CF2900531103 /* TranslationController */,
				AF25197C2143CF1D00531103 /* WeatherController */,
			);
			path = Controller;
			sourceTree = "<group>";
		};
		AFBEDA3E2105CE9F009DC033 /* View */ = {
			isa = PBXGroup;
			children = (
				AFBEDA2E2105CE37009DC033 /* Main.storyboard */,
				AFBEDA332105CE39009DC033 /* LaunchScreen.storyboard */,
				AFFE3C96212E0A5900300668 /* WeatherImage.swift */,
			);
			path = View;
			sourceTree = "<group>";
		};
		AFBEDA3F2105CEA6009DC033 /* Model */ = {
			isa = PBXGroup;
			children = (
				AF2519782143CE6900531103 /* ExchangeRate */,
				AF2519792143CEA100531103 /* Translation */,
				AF25197A2143CEC500531103 /* Weather */,
				AFD0CE972136ED7500CDBF79 /* Networking */,
			);
			path = Model;
			sourceTree = "<group>";
		};
		AFD0CE972136ED7500CDBF79 /* Networking */ = {
			isa = PBXGroup;
			children = (
				AFD0CE9A2136EEE900CDBF79 /* EndPoint */,
				AFD0CE982136EDF200CDBF79 /* Service */,
				AFD0CE992136EE3700CDBF79 /* Encoding */,
			);
			path = Networking;
			sourceTree = "<group>";
		};
		AFD0CE982136EDF200CDBF79 /* Service */ = {
			isa = PBXGroup;
			children = (
				AFCDAAE92135464800981803 /* EndPointType.swift */,
				AFCDAAEB2135473000981803 /* HTTPMethod.swift */,
				AFCDAAED213547BC00981803 /* HTTPTask.swift */,
				AFCDAAF72135595700981803 /* NetworkRouter.swift */,
				AFD0CE8D213696B200CDBF79 /* NetworkManager.swift */,
				AFCDAAF921357E9800981803 /* Router.swift */,
			);
			path = Service;
			sourceTree = "<group>";
		};
		AFD0CE992136EE3700CDBF79 /* Encoding */ = {
			isa = PBXGroup;
			children = (
				AFCDAAEF21354A7D00981803 /* ParameterEncoding.swift */,
				AFCDAAF321354CF100981803 /* URLParameterEncoder.swift */,
				AFCDAAF52135584900981803 /* JSONParameterEncoder.swift */,
			);
			path = Encoding;
			sourceTree = "<group>";
		};
		AFD0CE9A2136EEE900CDBF79 /* EndPoint */ = {
			isa = PBXGroup;
			children = (
				AFD0CE8B2136958B00CDBF79 /* ChangeAPI.swift */,
				AFD0CE8F2136AB2500CDBF79 /* MoneyAPI.swift */,
				AFD0CE912136AE7D00CDBF79 /* WeatherAPI.swift */,
				AFD0CE932136DCF500CDBF79 /* TranslateAPI.swift */,
				AFD0CE952136E20900CDBF79 /* LanguageAPI.swift */,
			);
			path = EndPoint;
			sourceTree = "<group>";
		};
/* End PBXGroup section */

/* Begin PBXNativeTarget section */
		AFB841CF212FE44900EBD5D8 /* BaluchonTests */ = {
			isa = PBXNativeTarget;
			buildConfigurationList = AFB841D9212FE44900EBD5D8 /* Build configuration list for PBXNativeTarget "BaluchonTests" */;
			buildPhases = (
				AFB841CC212FE44900EBD5D8 /* Sources */,
				AFB841CD212FE44900EBD5D8 /* Frameworks */,
				AFB841CE212FE44900EBD5D8 /* Resources */,
			);
			buildRules = (
			);
			dependencies = (
				AFB841D6212FE44900EBD5D8 /* PBXTargetDependency */,
			);
			name = BaluchonTests;
			productName = BaluchonTests;
			productReference = AFB841D0212FE44900EBD5D8 /* BaluchonTests.xctest */;
			productType = "com.apple.product-type.bundle.unit-test";
		};
		AFBEDA262105CE37009DC033 /* Baluchon */ = {
			isa = PBXNativeTarget;
			buildConfigurationList = AFBEDA392105CE39009DC033 /* Build configuration list for PBXNativeTarget "Baluchon" */;
			buildPhases = (
				AFBEDA232105CE37009DC033 /* Sources */,
				AFBEDA242105CE37009DC033 /* Frameworks */,
				AFBEDA252105CE37009DC033 /* Resources */,
			);
			buildRules = (
			);
			dependencies = (
			);
			name = Baluchon;
			productName = Baluchon;
			productReference = AFBEDA272105CE37009DC033 /* Baluchon.app */;
			productType = "com.apple.product-type.application";
		};
/* End PBXNativeTarget section */

/* Begin PBXProject section */
		AFBEDA1F2105CE37009DC033 /* Project object */ = {
			isa = PBXProject;
			attributes = {
				LastSwiftUpdateCheck = 0940;
				LastUpgradeCheck = 0940;
				ORGANIZATIONNAME = Mattkee;
				TargetAttributes = {
					AFB841CF212FE44900EBD5D8 = {
						CreatedOnToolsVersion = 9.4.1;
						LastSwiftMigration = 0940;
						TestTargetID = AFBEDA262105CE37009DC033;
					};
					AFBEDA262105CE37009DC033 = {
						CreatedOnToolsVersion = 9.4.1;
					};
				};
			};
			buildConfigurationList = AFBEDA222105CE37009DC033 /* Build configuration list for PBXProject "Baluchon" */;
			compatibilityVersion = "Xcode 9.3";
			developmentRegion = en;
			hasScannedForEncodings = 0;
			knownRegions = (
				en,
				Base,
			);
			mainGroup = AFBEDA1E2105CE37009DC033;
			productRefGroup = AFBEDA282105CE37009DC033 /* Products */;
			projectDirPath = "";
			projectRoot = "";
			targets = (
				AFBEDA262105CE37009DC033 /* Baluchon */,
				AFB841CF212FE44900EBD5D8 /* BaluchonTests */,
			);
		};
/* End PBXProject section */

/* Begin PBXResourcesBuildPhase section */
		AFB841CE212FE44900EBD5D8 /* Resources */ = {
			isa = PBXResourcesBuildPhase;
			buildActionMask = 2147483647;
			files = (
				AF1E1E6721382663001F13DF /* Language.json in Resources */,
				AF1E1E6321382549001F13DF /* Translate.json in Resources */,
				AFB841E1212FEFD500EBD5D8 /* Money.json in Resources */,
				AF1E1E5D2138160A001F13DF /* Weather.json in Resources */,
				AFB841DD212FE60A00EBD5D8 /* Change.json in Resources */,
			);
			runOnlyForDeploymentPostprocessing = 0;
		};
		AFBEDA252105CE37009DC033 /* Resources */ = {
			isa = PBXResourcesBuildPhase;
			buildActionMask = 2147483647;
			files = (
				AFBEDA352105CE39009DC033 /* LaunchScreen.storyboard in Resources */,
				AFBEDA322105CE39009DC033 /* Assets.xcassets in Resources */,
				AFBEDA302105CE37009DC033 /* Main.storyboard in Resources */,
			);
			runOnlyForDeploymentPostprocessing = 0;
		};
/* End PBXResourcesBuildPhase section */

/* Begin PBXSourcesBuildPhase section */
		AFB841CC212FE44900EBD5D8 /* Sources */ = {
			isa = PBXSourcesBuildPhase;
			buildActionMask = 2147483647;
			files = (
				AF1E1E69213826BA001F13DF /* FakeLanguageResponseData.swift in Sources */,
				AF1E1E6521382579001F13DF /* FakeTranslateResponseData.swift in Sources */,
				AFB841DB212FE4DB00EBD5D8 /* ChangeServiceTestCase.swift in Sources */,
				AF1E1E61213823C8001F13DF /* TranslateServiceTestCase.swift in Sources */,
				AF23A3162133DF38007FA093 /* URLSessionFake.swift in Sources */,
				AFB841E5212FF02400EBD5D8 /* FakeMoneyResponseData.swift in Sources */,
				AF1E1E5B213814EA001F13DF /* WeatherServiceTestCase.swift in Sources */,
				AF1E1E5F213816A9001F13DF /* FakeWeatherResponseData.swift in Sources */,
				AFB841DF212FE9EE00EBD5D8 /* FakeChangeResponseData.swift in Sources */,
			);
			runOnlyForDeploymentPostprocessing = 0;
		};
		AFBEDA232105CE37009DC033 /* Sources */ = {
			isa = PBXSourcesBuildPhase;
			buildActionMask = 2147483647;
			files = (
				AFCDAAEA2135464800981803 /* EndPointType.swift in Sources */,
				AFD0CE922136AE7D00CDBF79 /* WeatherAPI.swift in Sources */,
				AF1AC717212EAAB500836D57 /* TranslateService.swift in Sources */,
				AFE205D42125D99300249CC6 /* Weather.swift in Sources */,
				AFCDAAF82135595700981803 /* NetworkRouter.swift in Sources */,
				AFBEDA2D2105CE37009DC033 /* ChangeViewController.swift in Sources */,
				AFD0CE962136E20900CDBF79 /* LanguageAPI.swift in Sources */,
				AFCDAAF62135584900981803 /* JSONParameterEncoder.swift in Sources */,
				AF1AC71B212EAAE900836D57 /* Language.swift in Sources */,
				AF1AC719212EAAD800836D57 /* Translate.swift in Sources */,
				AFE205D02125D61600249CC6 /* WeatherViewController.swift in Sources */,
				AF1338F221143AF6004D60E3 /* Money.swift in Sources */,
				AFD0CE942136DCF500CDBF79 /* TranslateAPI.swift in Sources */,
				AFFE3C97212E0A5900300668 /* WeatherImage.swift in Sources */,
				AFFE3C8D212D6E1200300668 /* AddNewCityViewController.swift in Sources */,
				AFCDAAF421354CF100981803 /* URLParameterEncoder.swift in Sources */,
				AF89F011210A6C6D0076F295 /* Change.swift in Sources */,
				AFBEDA2B2105CE37009DC033 /* AppDelegate.swift in Sources */,
				AFD0CE902136AB2500CDBF79 /* MoneyAPI.swift in Sources */,
				AFD0CE8E213696B200CDBF79 /* NetworkManager.swift in Sources */,
				AFCDAAFA21357E9800981803 /* Router.swift in Sources */,
				AFCDAAEE213547BC00981803 /* HTTPTask.swift in Sources */,
				AFCDAAEC2135473000981803 /* HTTPMethod.swift in Sources */,
				AFCDAAF021354A7D00981803 /* ParameterEncoding.swift in Sources */,
				AF1AC71D212EE3CC00836D57 /* TranslateViewController.swift in Sources */,
				AFFE3C8F212D8B3500300668 /* Constant.swift in Sources */,
				AF89F00F2109D4E90076F295 /* ChangeService.swift in Sources */,
				AFE205D22125D68100249CC6 /* WeatherService.swift in Sources */,
				AFD0CE8C2136958B00CDBF79 /* ChangeAPI.swift in Sources */,
			);
			runOnlyForDeploymentPostprocessing = 0;
		};
/* End PBXSourcesBuildPhase section */

/* Begin PBXTargetDependency section */
		AFB841D6212FE44900EBD5D8 /* PBXTargetDependency */ = {
			isa = PBXTargetDependency;
			target = AFBEDA262105CE37009DC033 /* Baluchon */;
			targetProxy = AFB841D5212FE44900EBD5D8 /* PBXContainerItemProxy */;
		};
/* End PBXTargetDependency section */

/* Begin PBXVariantGroup section */
		AFBEDA2E2105CE37009DC033 /* Main.storyboard */ = {
			isa = PBXVariantGroup;
			children = (
				AFBEDA2F2105CE37009DC033 /* Base */,
			);
			name = Main.storyboard;
			sourceTree = "<group>";
		};
		AFBEDA332105CE39009DC033 /* LaunchScreen.storyboard */ = {
			isa = PBXVariantGroup;
			children = (
				AFBEDA342105CE39009DC033 /* Base */,
			);
			name = LaunchScreen.storyboard;
			sourceTree = "<group>";
		};
/* End PBXVariantGroup section */

/* Begin XCBuildConfiguration section */
		AFB841D7212FE44900EBD5D8 /* Debug */ = {
			isa = XCBuildConfiguration;
			buildSettings = {
				BUNDLE_LOADER = "$(TEST_HOST)";
				CLANG_ENABLE_MODULES = YES;
				CODE_SIGN_STYLE = Automatic;
				INFOPLIST_FILE = BaluchonTests/Info.plist;
				LD_RUNPATH_SEARCH_PATHS = (
					"$(inherited)",
					"@executable_path/Frameworks",
					"@loader_path/Frameworks",
				);
				PRODUCT_BUNDLE_IDENTIFIER = com.mattkee.BaluchonTests;
				PRODUCT_NAME = "$(TARGET_NAME)";
				SWIFT_OPTIMIZATION_LEVEL = "-Onone";
				SWIFT_VERSION = 4.0;
				TARGETED_DEVICE_FAMILY = "1,2";
				TEST_HOST = "$(BUILT_PRODUCTS_DIR)/Baluchon.app/Baluchon";
			};
			name = Debug;
		};
		AFB841D8212FE44900EBD5D8 /* Release */ = {
			isa = XCBuildConfiguration;
			buildSettings = {
				BUNDLE_LOADER = "$(TEST_HOST)";
				CLANG_ENABLE_MODULES = YES;
				CODE_SIGN_STYLE = Automatic;
				INFOPLIST_FILE = BaluchonTests/Info.plist;
				LD_RUNPATH_SEARCH_PATHS = (
					"$(inherited)",
					"@executable_path/Frameworks",
					"@loader_path/Frameworks",
				);
				PRODUCT_BUNDLE_IDENTIFIER = com.mattkee.BaluchonTests;
				PRODUCT_NAME = "$(TARGET_NAME)";
				SWIFT_VERSION = 4.0;
				TARGETED_DEVICE_FAMILY = "1,2";
				TEST_HOST = "$(BUILT_PRODUCTS_DIR)/Baluchon.app/Baluchon";
			};
			name = Release;
		};
		AFBEDA372105CE39009DC033 /* Debug */ = {
			isa = XCBuildConfiguration;
			buildSettings = {
				ALWAYS_SEARCH_USER_PATHS = NO;
				CLANG_ANALYZER_NONNULL = YES;
				CLANG_ANALYZER_NUMBER_OBJECT_CONVERSION = YES_AGGRESSIVE;
				CLANG_CXX_LANGUAGE_STANDARD = "gnu++14";
				CLANG_CXX_LIBRARY = "libc++";
				CLANG_ENABLE_MODULES = YES;
				CLANG_ENABLE_OBJC_ARC = YES;
				CLANG_ENABLE_OBJC_WEAK = YES;
				CLANG_WARN_BLOCK_CAPTURE_AUTORELEASING = YES;
				CLANG_WARN_BOOL_CONVERSION = YES;
				CLANG_WARN_COMMA = YES;
				CLANG_WARN_CONSTANT_CONVERSION = YES;
				CLANG_WARN_DEPRECATED_OBJC_IMPLEMENTATIONS = YES;
				CLANG_WARN_DIRECT_OBJC_ISA_USAGE = YES_ERROR;
				CLANG_WARN_DOCUMENTATION_COMMENTS = YES;
				CLANG_WARN_EMPTY_BODY = YES;
				CLANG_WARN_ENUM_CONVERSION = YES;
				CLANG_WARN_INFINITE_RECURSION = YES;
				CLANG_WARN_INT_CONVERSION = YES;
				CLANG_WARN_NON_LITERAL_NULL_CONVERSION = YES;
				CLANG_WARN_OBJC_IMPLICIT_RETAIN_SELF = YES;
				CLANG_WARN_OBJC_LITERAL_CONVERSION = YES;
				CLANG_WARN_OBJC_ROOT_CLASS = YES_ERROR;
				CLANG_WARN_RANGE_LOOP_ANALYSIS = YES;
				CLANG_WARN_STRICT_PROTOTYPES = YES;
				CLANG_WARN_SUSPICIOUS_MOVE = YES;
				CLANG_WARN_UNGUARDED_AVAILABILITY = YES_AGGRESSIVE;
				CLANG_WARN_UNREACHABLE_CODE = YES;
				CLANG_WARN__DUPLICATE_METHOD_MATCH = YES;
				CODE_SIGN_IDENTITY = "iPhone Developer";
				COPY_PHASE_STRIP = NO;
				DEBUG_INFORMATION_FORMAT = dwarf;
				ENABLE_STRICT_OBJC_MSGSEND = YES;
				ENABLE_TESTABILITY = YES;
				GCC_C_LANGUAGE_STANDARD = gnu11;
				GCC_DYNAMIC_NO_PIC = NO;
				GCC_NO_COMMON_BLOCKS = YES;
				GCC_OPTIMIZATION_LEVEL = 0;
				GCC_PREPROCESSOR_DEFINITIONS = (
					"DEBUG=1",
					"$(inherited)",
				);
				GCC_WARN_64_TO_32_BIT_CONVERSION = YES;
				GCC_WARN_ABOUT_RETURN_TYPE = YES_ERROR;
				GCC_WARN_UNDECLARED_SELECTOR = YES;
				GCC_WARN_UNINITIALIZED_AUTOS = YES_AGGRESSIVE;
				GCC_WARN_UNUSED_FUNCTION = YES;
				GCC_WARN_UNUSED_VARIABLE = YES;
				IPHONEOS_DEPLOYMENT_TARGET = 11.4;
				MTL_ENABLE_DEBUG_INFO = YES;
				ONLY_ACTIVE_ARCH = YES;
				SDKROOT = iphoneos;
				SWIFT_ACTIVE_COMPILATION_CONDITIONS = DEBUG;
				SWIFT_OPTIMIZATION_LEVEL = "-Onone";
			};
			name = Debug;
		};
		AFBEDA382105CE39009DC033 /* Release */ = {
			isa = XCBuildConfiguration;
			buildSettings = {
				ALWAYS_SEARCH_USER_PATHS = NO;
				CLANG_ANALYZER_NONNULL = YES;
				CLANG_ANALYZER_NUMBER_OBJECT_CONVERSION = YES_AGGRESSIVE;
				CLANG_CXX_LANGUAGE_STANDARD = "gnu++14";
				CLANG_CXX_LIBRARY = "libc++";
				CLANG_ENABLE_MODULES = YES;
				CLANG_ENABLE_OBJC_ARC = YES;
				CLANG_ENABLE_OBJC_WEAK = YES;
				CLANG_WARN_BLOCK_CAPTURE_AUTORELEASING = YES;
				CLANG_WARN_BOOL_CONVERSION = YES;
				CLANG_WARN_COMMA = YES;
				CLANG_WARN_CONSTANT_CONVERSION = YES;
				CLANG_WARN_DEPRECATED_OBJC_IMPLEMENTATIONS = YES;
				CLANG_WARN_DIRECT_OBJC_ISA_USAGE = YES_ERROR;
				CLANG_WARN_DOCUMENTATION_COMMENTS = YES;
				CLANG_WARN_EMPTY_BODY = YES;
				CLANG_WARN_ENUM_CONVERSION = YES;
				CLANG_WARN_INFINITE_RECURSION = YES;
				CLANG_WARN_INT_CONVERSION = YES;
				CLANG_WARN_NON_LITERAL_NULL_CONVERSION = YES;
				CLANG_WARN_OBJC_IMPLICIT_RETAIN_SELF = YES;
				CLANG_WARN_OBJC_LITERAL_CONVERSION = YES;
				CLANG_WARN_OBJC_ROOT_CLASS = YES_ERROR;
				CLANG_WARN_RANGE_LOOP_ANALYSIS = YES;
				CLANG_WARN_STRICT_PROTOTYPES = YES;
				CLANG_WARN_SUSPICIOUS_MOVE = YES;
				CLANG_WARN_UNGUARDED_AVAILABILITY = YES_AGGRESSIVE;
				CLANG_WARN_UNREACHABLE_CODE = YES;
				CLANG_WARN__DUPLICATE_METHOD_MATCH = YES;
				CODE_SIGN_IDENTITY = "iPhone Developer";
				COPY_PHASE_STRIP = NO;
				DEBUG_INFORMATION_FORMAT = "dwarf-with-dsym";
				ENABLE_NS_ASSERTIONS = NO;
				ENABLE_STRICT_OBJC_MSGSEND = YES;
				GCC_C_LANGUAGE_STANDARD = gnu11;
				GCC_NO_COMMON_BLOCKS = YES;
				GCC_WARN_64_TO_32_BIT_CONVERSION = YES;
				GCC_WARN_ABOUT_RETURN_TYPE = YES_ERROR;
				GCC_WARN_UNDECLARED_SELECTOR = YES;
				GCC_WARN_UNINITIALIZED_AUTOS = YES_AGGRESSIVE;
				GCC_WARN_UNUSED_FUNCTION = YES;
				GCC_WARN_UNUSED_VARIABLE = YES;
				IPHONEOS_DEPLOYMENT_TARGET = 11.4;
				MTL_ENABLE_DEBUG_INFO = NO;
				SDKROOT = iphoneos;
				SWIFT_COMPILATION_MODE = wholemodule;
				SWIFT_OPTIMIZATION_LEVEL = "-O";
				VALIDATE_PRODUCT = YES;
			};
			name = Release;
		};
		AFBEDA3A2105CE39009DC033 /* Debug */ = {
			isa = XCBuildConfiguration;
			buildSettings = {
				ASSETCATALOG_COMPILER_APPICON_NAME = AppIcon;
				CODE_SIGN_STYLE = Automatic;
				INFOPLIST_FILE = "$(SRCROOT)/Baluchon/Supporting Files/Info.plist";
				LD_RUNPATH_SEARCH_PATHS = (
					"$(inherited)",
					"@executable_path/Frameworks",
				);
				PRODUCT_BUNDLE_IDENTIFIER = com.mattkee.Baluchon;
				PRODUCT_NAME = "$(TARGET_NAME)";
				SWIFT_VERSION = 4.0;
				TARGETED_DEVICE_FAMILY = "1,2";
			};
			name = Debug;
		};
		AFBEDA3B2105CE39009DC033 /* Release */ = {
			isa = XCBuildConfiguration;
			buildSettings = {
				ASSETCATALOG_COMPILER_APPICON_NAME = AppIcon;
				CODE_SIGN_STYLE = Automatic;
				INFOPLIST_FILE = "$(SRCROOT)/Baluchon/Supporting Files/Info.plist";
				LD_RUNPATH_SEARCH_PATHS = (
					"$(inherited)",
					"@executable_path/Frameworks",
				);
				PRODUCT_BUNDLE_IDENTIFIER = com.mattkee.Baluchon;
				PRODUCT_NAME = "$(TARGET_NAME)";
				SWIFT_VERSION = 4.0;
				TARGETED_DEVICE_FAMILY = "1,2";
			};
			name = Release;
		};
/* End XCBuildConfiguration section */

/* Begin XCConfigurationList section */
		AFB841D9212FE44900EBD5D8 /* Build configuration list for PBXNativeTarget "BaluchonTests" */ = {
			isa = XCConfigurationList;
			buildConfigurations = (
				AFB841D7212FE44900EBD5D8 /* Debug */,
				AFB841D8212FE44900EBD5D8 /* Release */,
			);
			defaultConfigurationIsVisible = 0;
			defaultConfigurationName = Release;
		};
		AFBEDA222105CE37009DC033 /* Build configuration list for PBXProject "Baluchon" */ = {
			isa = XCConfigurationList;
			buildConfigurations = (
				AFBEDA372105CE39009DC033 /* Debug */,
				AFBEDA382105CE39009DC033 /* Release */,
			);
			defaultConfigurationIsVisible = 0;
			defaultConfigurationName = Release;
		};
		AFBEDA392105CE39009DC033 /* Build configuration list for PBXNativeTarget "Baluchon" */ = {
			isa = XCConfigurationList;
			buildConfigurations = (
				AFBEDA3A2105CE39009DC033 /* Debug */,
				AFBEDA3B2105CE39009DC033 /* Release */,
			);
			defaultConfigurationIsVisible = 0;
			defaultConfigurationName = Release;
		};
/* End XCConfigurationList section */
	};
	rootObject = AFBEDA1F2105CE37009DC033 /* Project object */;
}
